
Microsoft Visual Studio Solution File, Format Version 12.00
# Visual Studio Version 17
VisualStudioVersion = 17.0.31611.283
MinimumVisualStudioVersion = 10.0.40219.1
Project("{9A19103F-16F7-4668-BE54-9A1E7A4F7556}") = "maui-cicd", "maui-cicd/maui-cicd.csproj", "{D6D0987F-B5BE-4813-A39E-01DD7000EDBC}"
EndProject
Global
	GlobalSection(SolutionConfigurationPlatforms) = preSolution
		Debug|Any CPU = Debug|Any CPU
		Release|Any CPU = Release|Any CPU
	EndGlobalSection
	GlobalSection(ProjectConfigurationPlatforms) = postSolution
		{D6D0987F-B5BE-4813-A39E-01DD7000EDBC}.Debug|Any CPU.ActiveCfg = Debug|Any CPU
		{D6D0987F-B5BE-4813-A39E-01DD7000EDBC}.Debug|Any CPU.Build.0 = Debug|Any CPU
		{D6D0987F-B5BE-4813-A39E-01DD7000EDBC}.Debug|Any CPU.Deploy.0 = Debug|Any CPU
		{D6D0987F-B5BE-4813-A39E-01DD7000EDBC}.Release|Any CPU.ActiveCfg = Release|Any CPU
		{D6D0987F-B5BE-4813-A39E-01DD7000EDBC}.Release|Any CPU.Build.0 = Release|Any CPU
		{D6D0987F-B5BE-4813-A39E-01DD7000EDBC}.Release|Any CPU.Deploy.0 = Release|Any CPU
		{FD65633A-410F-4EEE-AE58-E0C09EA6491A}.Debug|Any CPU.ActiveCfg = Debug|Any CPU
		{FD65633A-410F-4EEE-AE58-E0C09EA6491A}.Debug|Any CPU.Build.0 = Debug|Any CPU
		{FD65633A-410F-4EEE-AE58-E0C09EA6491A}.Release|Any CPU.ActiveCfg = Release|Any CPU
		{FD65633A-410F-4EEE-AE58-E0C09EA6491A}.Release|Any CPU.Build.0 = Release|Any CPU
		{5997F994-F82F-4B1F-BABE-684519F18C76}.Debug|Any CPU.ActiveCfg = Debug|Any CPU
		{5997F994-F82F-4B1F-BABE-684519F18C76}.Debug|Any CPU.Build.0 = Debug|Any CPU
		{5997F994-F82F-4B1F-BABE-684519F18C76}.Release|Any CPU.ActiveCfg = Release|Any CPU
		{5997F994-F82F-4B1F-BABE-684519F18C76}.Release|Any CPU.Build.0 = Release|Any CPU
	EndGlobalSection
	GlobalSection(SolutionProperties) = preSolution
		HideSolutionNode = FALSE
	EndGlobalSection
	GlobalSection(ExtensibilityGlobals) = postSolution
		SolutionGuid = {61F7FB11-1E47-470C-91E2-47F8143E1572}
	EndGlobalSection
EndGlobal
